{
	"requires": true,
	"lockfileVersion": 1,
	"dependencies": {
		"graphql-tools": {
			"version": "2.11.0",
			"resolved": "https://registry.npmjs.org/graphql-tools/-/graphql-tools-2.11.0.tgz",
			"integrity": "sha512-otVxwHA0IfCmj8sgJNeOOgLTi+WFSLWZpJ/Kwt4r0EdgZ4spU5whymLEpFvLuWfuGHY+gjCvo6hSJoU0Ka57+g==",
			"requires": {
				"apollo-utilities": "1.0.3",
				"deprecated-decorator": "0.1.6",
				"uuid": "3.1.0"
			},
			"dependencies": {
				"apollo-utilities": {
					"version": "1.0.3",
					"resolved": "https://registry.npmjs.org/apollo-utilities/-/apollo-utilities-1.0.3.tgz",
					"integrity": "sha512-wNKf0GAXfvnmZFYVl1YIzZ6LDSUe+zo4SKd2kbzi7YquNZUuSwJnG1FfEphvfwRRTI2dnpcGZEq26I7uUBrWNw=="
				},
				"deprecated-decorator": {
					"version": "0.1.6",
					"resolved": "https://registry.npmjs.org/deprecated-decorator/-/deprecated-decorator-0.1.6.tgz",
					"integrity": "sha1-AJZjF7ehL+kvPMgx91g68ym4bDc="
				},
				"uuid": {
					"version": "3.1.0",
					"resolved": "https://registry.npmjs.org/uuid/-/uuid-3.1.0.tgz",
					"integrity": "sha512-DIWtzUkw04M4k3bf1IcpS2tngXEL26YUD2M0tMDUpnUrz2hgzUBlD55a4FjdLGPvfHxS6uluGWvaVEqgBcVa+g=="
				}
			}
		}
	}
}
